
Microsoft Visual Studio Solution File, Format Version 12.00
# Visual Studio 15
VisualStudioVersion = 15.0.27004.2002
MinimumVisualStudioVersion = 10.0.40219.1
Project("{FAE04EC0-301F-11D3-BF4B-00C04F79EFBC}") = "GEPosVendas", "GEPosVendas\GEPosVendas.csproj", "{7B713F15-8093-4331-A199-2E932D2C3772}"
EndProject
Global
	GlobalSection(SolutionConfigurationPlatforms) = preSolution
		Debug|Any CPU = Debug|Any CPU
		Release|Any CPU = Release|Any CPU
	EndGlobalSection
	GlobalSection(ProjectConfigurationPlatforms) = postSolution
		{7B713F15-8093-4331-A199-2E932D2C3772}.Debug|Any CPU.ActiveCfg = Debug|Any CPU
		{7B713F15-8093-4331-A199-2E932D2C3772}.Debug|Any CPU.Build.0 = Debug|Any CPU
		{7B713F15-8093-4331-A199-2E932D2C3772}.Release|Any CPU.ActiveCfg = Release|Any CPU
		{7B713F15-8093-4331-A199-2E932D2C3772}.Release|Any CPU.Build.0 = Release|Any CPU
	EndGlobalSection
	GlobalSection(SolutionProperties) = preSolution
		HideSolutionNode = FALSE
	EndGlobalSection
	GlobalSection(ExtensibilityGlobals) = postSolution
		SolutionGuid = {1773436B-7D32-4562-9BFC-8E8598A03D59}
	EndGlobalSection
EndGlobal
